
Microsoft Visual Studio Solution File, Format Version 12.00
# Visual Studio Version 17
VisualStudioVersion = 17.10.35013.160
MinimumVisualStudioVersion = 10.0.40219.1
Project("{9A19103F-16F7-4668-BE54-9A1E7A4F7556}") = "Infrastructure.Shared", "Infrastructure.Shared\Infrastructure.Shared.csproj", "{FF27249D-3205-4CED-9C4E-A6076E12BA7A}"
EndProject
Project("{2150E333-8FDC-42A3-9474-1A3956D46DE8}") = "ProfileService", "ProfileService", "{36D591C7-65C7-A0D1-1CBC-10CDE441BDC8}"
EndProject
Project("{9A19103F-16F7-4668-BE54-9A1E7A4F7556}") = "ProfileService.Api", "ProfileService.Api\ProfileService.Api.csproj", "{44D5BD72-842E-48F9-BD8D-4D2055721956}"
EndProject
Project("{9A19103F-16F7-4668-BE54-9A1E7A4F7556}") = "ProfileService.Infrastructure", "ProfileService.Infrastructure\ProfileService.Infrastructure.csproj", "{06BE8F33-F41D-445E-B325-1C20CD2FCF98}"
EndProject
Project("{9A19103F-16F7-4668-BE54-9A1E7A4F7556}") = "ProfileService.Domain", "ProfileService.Domain\ProfileService.Domain.csproj", "{D122000D-A685-4652-98C8-C9C4E435806D}"
EndProject
Project("{9A19103F-16F7-4668-BE54-9A1E7A4F7556}") = "ProfileService.Application", "ProfileService.Application\ProfileService.Application.csproj", "{DA460EED-FF15-45B1-81EE-35DEF3DBABF5}"
EndProject
Project("{2150E333-8FDC-42A3-9474-1A3956D46DE8}") = "Api.Gateway", "Api.Gateway", "{F33AA52B-F59D-4E16-8838-165A23159A8A}"
EndProject
Project("{9A19103F-16F7-4668-BE54-9A1E7A4F7556}") = "ApiGateway", "ApiGateway\ApiGateway.csproj", "{22F2A9BD-8B2E-4470-BBA5-A26FA1C3033F}"
EndProject
Project("{2150E333-8FDC-42A3-9474-1A3956D46DE8}") = "AuthService", "AuthService", "{E2CDCE3C-9F08-4EF1-989B-2A8866D15885}"
EndProject
Project("{9A19103F-16F7-4668-BE54-9A1E7A4F7556}") = "Authorization.Api", "AuthService\Authorization.Api.csproj", "{DD1CE952-EF48-E0CE-FA90-9CD0BFB635BA}"
EndProject
Project("{9A19103F-16F7-4668-BE54-9A1E7A4F7556}") = "Auth.Domain", "Auth.Domain\Auth.Domain.csproj", "{4A1F96DA-7137-E1D9-E205-237CC6DF173C}"
EndProject
Project("{9A19103F-16F7-4668-BE54-9A1E7A4F7556}") = "Auth.DataAccess", "Auth.DataAccess\Auth.DataAccess.csproj", "{46173B5C-5856-4FC9-F53A-831DF3F3F374}"
EndProject
Project("{9A19103F-16F7-4668-BE54-9A1E7A4F7556}") = "Auth.Core", "Auth.Core\Auth.Core.csproj", "{1905E0D5-D13B-50F7-D35B-B2F490C5C3D2}"
EndProject
Project("{9A19103F-16F7-4668-BE54-9A1E7A4F7556}") = "Auth.Application", "Auth.Application\Auth.Application.csproj", "{9E0E8150-9E3B-EA87-5C9F-68055BC6148B}"
EndProject
Project("{FAE04EC0-301F-11D3-BF4B-00C04F79EFBC}") = "MessageHubService.Domain", "MessageHubService.Domain\MessageHubService.Domain.csproj", "{40227E08-15DA-4D1D-9743-CD9ECDA35B14}"
EndProject
Project("{FAE04EC0-301F-11D3-BF4B-00C04F79EFBC}") = "MessageHubService.Application", "MessageHubService.Application\MessageHubService.Application.csproj", "{0236AF3E-AD78-4B3F-A894-40D796BD94FF}"
EndProject
Project("{2150E333-8FDC-42A3-9474-1A3956D46DE8}") = "MessageHubService", "MessageHubService", "{4F10BACB-7BCD-4839-9A33-AB3AD88B45FF}"
EndProject
Project("{FAE04EC0-301F-11D3-BF4B-00C04F79EFBC}") = "TestConsumer", "TestConsumer\TestConsumer.csproj", "{987232CD-8809-4444-B9A7-FE7C3BE4A70B}"
EndProject
Project("{2150E333-8FDC-42A3-9474-1A3956D46DE8}") = "ConversationService", "ConversationService", "{512721CB-BE28-4083-8AFE-B29460AFEE5E}"
EndProject
Project("{FAE04EC0-301F-11D3-BF4B-00C04F79EFBC}") = "ConversationService.Api", "ConversationService.Api\ConversationService.Api.csproj", "{7667CAA8-522C-497C-8EE5-CB45E7FF4E89}"
EndProject
Project("{FAE04EC0-301F-11D3-BF4B-00C04F79EFBC}") = "ConversationService.Application", "ConversationService.Application\ConversationService.Application.csproj", "{D51D4004-17DE-4451-A41D-15FBBA319E72}"
EndProject
Project("{FAE04EC0-301F-11D3-BF4B-00C04F79EFBC}") = "ConversationService.Domain", "ConversationService.Domain\ConversationService.Domain.csproj", "{8DFF7C49-9068-4F0C-B452-8D75E9384799}"
EndProject
Project("{FAE04EC0-301F-11D3-BF4B-00C04F79EFBC}") = "ConversationService.Infrastructure", "ConversationService.Infrastructure\ConversationService.Infrastructure.csproj", "{06D8CD8E-6239-47A2-9990-8BF130EC9D65}"
EndProject
Project("{2150E333-8FDC-42A3-9474-1A3956D46DE8}") = "OrchestratService", "OrchestratService", "{EABFD18F-2AF0-4472-A20E-C81D15DFE575}"
EndProject
Project("{FAE04EC0-301F-11D3-BF4B-00C04F79EFBC}") = "OrchestratService.Application", "OrchestratService.Application\OrchestratService.Application.csproj", "{AAF4FA07-EF52-4FDF-903E-EAA32CDB7D03}"
EndProject
Project("{2150E333-8FDC-42A3-9474-1A3956D46DE8}") = "OperatorService", "OperatorService", "{60D84241-4BBA-4EE1-A4AA-C606C4F51347}"
EndProject
Project("{FAE04EC0-301F-11D3-BF4B-00C04F79EFBC}") = "OperatorStatusService", "OperatorStatusService\OperatorStatusService.csproj", "{F7EAB1D3-96CF-4D5D-86F5-3011ACD76CEC}"
EndProject
Project("{FAE04EC0-301F-11D3-BF4B-00C04F79EFBC}") = "OperatorStatusService.Application", "OperatorStatusService.Application\OperatorStatusService.Application.csproj", "{0CA9F163-8924-4CB6-9EBE-86D23779AC32}"
EndProject
Project("{FAE04EC0-301F-11D3-BF4B-00C04F79EFBC}") = "OperatorStatusService.Domain", "OperatorStatusService.Domain\OperatorStatusService.Domain.csproj", "{3C695BEF-B72C-4B09-AC1D-88D07D6C7034}"
EndProject
Project("{FAE04EC0-301F-11D3-BF4B-00C04F79EFBC}") = "OperatorStatusService.Infrastructure", "OperatorStatusService.Infrastructure\OperatorStatusService.Infrastructure.csproj", "{5AC9FD31-D918-4649-A7EE-0C545B633B3E}"
EndProject
Global
	GlobalSection(SolutionConfigurationPlatforms) = preSolution
		Debug|Any CPU = Debug|Any CPU
		Release|Any CPU = Release|Any CPU
	EndGlobalSection
	GlobalSection(ProjectConfigurationPlatforms) = postSolution
		{FF27249D-3205-4CED-9C4E-A6076E12BA7A}.Debug|Any CPU.ActiveCfg = Debug|Any CPU
		{FF27249D-3205-4CED-9C4E-A6076E12BA7A}.Debug|Any CPU.Build.0 = Debug|Any CPU
		{FF27249D-3205-4CED-9C4E-A6076E12BA7A}.Release|Any CPU.ActiveCfg = Release|Any CPU
		{FF27249D-3205-4CED-9C4E-A6076E12BA7A}.Release|Any CPU.Build.0 = Release|Any CPU
		{44D5BD72-842E-48F9-BD8D-4D2055721956}.Debug|Any CPU.ActiveCfg = Debug|Any CPU
		{44D5BD72-842E-48F9-BD8D-4D2055721956}.Debug|Any CPU.Build.0 = Debug|Any CPU
		{44D5BD72-842E-48F9-BD8D-4D2055721956}.Release|Any CPU.ActiveCfg = Release|Any CPU
		{44D5BD72-842E-48F9-BD8D-4D2055721956}.Release|Any CPU.Build.0 = Release|Any CPU
		{06BE8F33-F41D-445E-B325-1C20CD2FCF98}.Debug|Any CPU.ActiveCfg = Debug|Any CPU
		{06BE8F33-F41D-445E-B325-1C20CD2FCF98}.Debug|Any CPU.Build.0 = Debug|Any CPU
		{06BE8F33-F41D-445E-B325-1C20CD2FCF98}.Release|Any CPU.ActiveCfg = Release|Any CPU
		{06BE8F33-F41D-445E-B325-1C20CD2FCF98}.Release|Any CPU.Build.0 = Release|Any CPU
		{D122000D-A685-4652-98C8-C9C4E435806D}.Debug|Any CPU.ActiveCfg = Debug|Any CPU
		{D122000D-A685-4652-98C8-C9C4E435806D}.Debug|Any CPU.Build.0 = Debug|Any CPU
		{D122000D-A685-4652-98C8-C9C4E435806D}.Release|Any CPU.ActiveCfg = Release|Any CPU
		{D122000D-A685-4652-98C8-C9C4E435806D}.Release|Any CPU.Build.0 = Release|Any CPU
		{DA460EED-FF15-45B1-81EE-35DEF3DBABF5}.Debug|Any CPU.ActiveCfg = Debug|Any CPU
		{DA460EED-FF15-45B1-81EE-35DEF3DBABF5}.Debug|Any CPU.Build.0 = Debug|Any CPU
		{DA460EED-FF15-45B1-81EE-35DEF3DBABF5}.Release|Any CPU.ActiveCfg = Release|Any CPU
		{DA460EED-FF15-45B1-81EE-35DEF3DBABF5}.Release|Any CPU.Build.0 = Release|Any CPU
		{22F2A9BD-8B2E-4470-BBA5-A26FA1C3033F}.Debug|Any CPU.ActiveCfg = Debug|Any CPU
		{22F2A9BD-8B2E-4470-BBA5-A26FA1C3033F}.Debug|Any CPU.Build.0 = Debug|Any CPU
		{22F2A9BD-8B2E-4470-BBA5-A26FA1C3033F}.Release|Any CPU.ActiveCfg = Release|Any CPU
		{22F2A9BD-8B2E-4470-BBA5-A26FA1C3033F}.Release|Any CPU.Build.0 = Release|Any CPU
		{DD1CE952-EF48-E0CE-FA90-9CD0BFB635BA}.Debug|Any CPU.ActiveCfg = Debug|Any CPU
		{DD1CE952-EF48-E0CE-FA90-9CD0BFB635BA}.Debug|Any CPU.Build.0 = Debug|Any CPU
		{DD1CE952-EF48-E0CE-FA90-9CD0BFB635BA}.Release|Any CPU.ActiveCfg = Release|Any CPU
		{DD1CE952-EF48-E0CE-FA90-9CD0BFB635BA}.Release|Any CPU.Build.0 = Release|Any CPU
		{4A1F96DA-7137-E1D9-E205-237CC6DF173C}.Debug|Any CPU.ActiveCfg = Debug|Any CPU
		{4A1F96DA-7137-E1D9-E205-237CC6DF173C}.Debug|Any CPU.Build.0 = Debug|Any CPU
		{4A1F96DA-7137-E1D9-E205-237CC6DF173C}.Release|Any CPU.ActiveCfg = Release|Any CPU
		{4A1F96DA-7137-E1D9-E205-237CC6DF173C}.Release|Any CPU.Build.0 = Release|Any CPU
		{46173B5C-5856-4FC9-F53A-831DF3F3F374}.Debug|Any CPU.ActiveCfg = Debug|Any CPU
		{46173B5C-5856-4FC9-F53A-831DF3F3F374}.Debug|Any CPU.Build.0 = Debug|Any CPU
		{46173B5C-5856-4FC9-F53A-831DF3F3F374}.Release|Any CPU.ActiveCfg = Release|Any CPU
		{46173B5C-5856-4FC9-F53A-831DF3F3F374}.Release|Any CPU.Build.0 = Release|Any CPU
		{1905E0D5-D13B-50F7-D35B-B2F490C5C3D2}.Debug|Any CPU.ActiveCfg = Debug|Any CPU
		{1905E0D5-D13B-50F7-D35B-B2F490C5C3D2}.Debug|Any CPU.Build.0 = Debug|Any CPU
		{1905E0D5-D13B-50F7-D35B-B2F490C5C3D2}.Release|Any CPU.ActiveCfg = Release|Any CPU
		{1905E0D5-D13B-50F7-D35B-B2F490C5C3D2}.Release|Any CPU.Build.0 = Release|Any CPU
		{9E0E8150-9E3B-EA87-5C9F-68055BC6148B}.Debug|Any CPU.ActiveCfg = Debug|Any CPU
		{9E0E8150-9E3B-EA87-5C9F-68055BC6148B}.Debug|Any CPU.Build.0 = Debug|Any CPU
		{9E0E8150-9E3B-EA87-5C9F-68055BC6148B}.Release|Any CPU.ActiveCfg = Release|Any CPU
		{9E0E8150-9E3B-EA87-5C9F-68055BC6148B}.Release|Any CPU.Build.0 = Release|Any CPU
		{40227E08-15DA-4D1D-9743-CD9ECDA35B14}.Debug|Any CPU.ActiveCfg = Debug|Any CPU
		{40227E08-15DA-4D1D-9743-CD9ECDA35B14}.Debug|Any CPU.Build.0 = Debug|Any CPU
		{40227E08-15DA-4D1D-9743-CD9ECDA35B14}.Release|Any CPU.ActiveCfg = Release|Any CPU
		{40227E08-15DA-4D1D-9743-CD9ECDA35B14}.Release|Any CPU.Build.0 = Release|Any CPU
		{0236AF3E-AD78-4B3F-A894-40D796BD94FF}.Debug|Any CPU.ActiveCfg = Debug|Any CPU
		{0236AF3E-AD78-4B3F-A894-40D796BD94FF}.Debug|Any CPU.Build.0 = Debug|Any CPU
		{0236AF3E-AD78-4B3F-A894-40D796BD94FF}.Release|Any CPU.ActiveCfg = Release|Any CPU
		{0236AF3E-AD78-4B3F-A894-40D796BD94FF}.Release|Any CPU.Build.0 = Release|Any CPU
		{987232CD-8809-4444-B9A7-FE7C3BE4A70B}.Debug|Any CPU.ActiveCfg = Debug|Any CPU
		{987232CD-8809-4444-B9A7-FE7C3BE4A70B}.Debug|Any CPU.Build.0 = Debug|Any CPU
		{987232CD-8809-4444-B9A7-FE7C3BE4A70B}.Release|Any CPU.ActiveCfg = Release|Any CPU
		{987232CD-8809-4444-B9A7-FE7C3BE4A70B}.Release|Any CPU.Build.0 = Release|Any CPU
		{7667CAA8-522C-497C-8EE5-CB45E7FF4E89}.Debug|Any CPU.ActiveCfg = Debug|Any CPU
		{7667CAA8-522C-497C-8EE5-CB45E7FF4E89}.Debug|Any CPU.Build.0 = Debug|Any CPU
		{7667CAA8-522C-497C-8EE5-CB45E7FF4E89}.Release|Any CPU.ActiveCfg = Release|Any CPU
		{7667CAA8-522C-497C-8EE5-CB45E7FF4E89}.Release|Any CPU.Build.0 = Release|Any CPU
		{D51D4004-17DE-4451-A41D-15FBBA319E72}.Debug|Any CPU.ActiveCfg = Debug|Any CPU
		{D51D4004-17DE-4451-A41D-15FBBA319E72}.Debug|Any CPU.Build.0 = Debug|Any CPU
		{D51D4004-17DE-4451-A41D-15FBBA319E72}.Release|Any CPU.ActiveCfg = Release|Any CPU
		{D51D4004-17DE-4451-A41D-15FBBA319E72}.Release|Any CPU.Build.0 = Release|Any CPU
		{8DFF7C49-9068-4F0C-B452-8D75E9384799}.Debug|Any CPU.ActiveCfg = Debug|Any CPU
		{8DFF7C49-9068-4F0C-B452-8D75E9384799}.Debug|Any CPU.Build.0 = Debug|Any CPU
		{8DFF7C49-9068-4F0C-B452-8D75E9384799}.Release|Any CPU.ActiveCfg = Release|Any CPU
		{8DFF7C49-9068-4F0C-B452-8D75E9384799}.Release|Any CPU.Build.0 = Release|Any CPU
		{06D8CD8E-6239-47A2-9990-8BF130EC9D65}.Debug|Any CPU.ActiveCfg = Debug|Any CPU
		{06D8CD8E-6239-47A2-9990-8BF130EC9D65}.Debug|Any CPU.Build.0 = Debug|Any CPU
		{06D8CD8E-6239-47A2-9990-8BF130EC9D65}.Release|Any CPU.ActiveCfg = Release|Any CPU
		{06D8CD8E-6239-47A2-9990-8BF130EC9D65}.Release|Any CPU.Build.0 = Release|Any CPU
		{AAF4FA07-EF52-4FDF-903E-EAA32CDB7D03}.Debug|Any CPU.ActiveCfg = Debug|Any CPU
		{AAF4FA07-EF52-4FDF-903E-EAA32CDB7D03}.Debug|Any CPU.Build.0 = Debug|Any CPU
		{AAF4FA07-EF52-4FDF-903E-EAA32CDB7D03}.Release|Any CPU.ActiveCfg = Release|Any CPU
		{AAF4FA07-EF52-4FDF-903E-EAA32CDB7D03}.Release|Any CPU.Build.0 = Release|Any CPU
		{F7EAB1D3-96CF-4D5D-86F5-3011ACD76CEC}.Debug|Any CPU.ActiveCfg = Debug|Any CPU
		{F7EAB1D3-96CF-4D5D-86F5-3011ACD76CEC}.Debug|Any CPU.Build.0 = Debug|Any CPU
		{F7EAB1D3-96CF-4D5D-86F5-3011ACD76CEC}.Release|Any CPU.ActiveCfg = Release|Any CPU
		{F7EAB1D3-96CF-4D5D-86F5-3011ACD76CEC}.Release|Any CPU.Build.0 = Release|Any CPU
		{0CA9F163-8924-4CB6-9EBE-86D23779AC32}.Debug|Any CPU.ActiveCfg = Debug|Any CPU
		{0CA9F163-8924-4CB6-9EBE-86D23779AC32}.Debug|Any CPU.Build.0 = Debug|Any CPU
		{0CA9F163-8924-4CB6-9EBE-86D23779AC32}.Release|Any CPU.ActiveCfg = Release|Any CPU
		{0CA9F163-8924-4CB6-9EBE-86D23779AC32}.Release|Any CPU.Build.0 = Release|Any CPU
		{3C695BEF-B72C-4B09-AC1D-88D07D6C7034}.Debug|Any CPU.ActiveCfg = Debug|Any CPU
		{3C695BEF-B72C-4B09-AC1D-88D07D6C7034}.Debug|Any CPU.Build.0 = Debug|Any CPU
		{3C695BEF-B72C-4B09-AC1D-88D07D6C7034}.Release|Any CPU.ActiveCfg = Release|Any CPU
		{3C695BEF-B72C-4B09-AC1D-88D07D6C7034}.Release|Any CPU.Build.0 = Release|Any CPU
		{5AC9FD31-D918-4649-A7EE-0C545B633B3E}.Debug|Any CPU.ActiveCfg = Debug|Any CPU
		{5AC9FD31-D918-4649-A7EE-0C545B633B3E}.Debug|Any CPU.Build.0 = Debug|Any CPU
		{5AC9FD31-D918-4649-A7EE-0C545B633B3E}.Release|Any CPU.ActiveCfg = Release|Any CPU
		{5AC9FD31-D918-4649-A7EE-0C545B633B3E}.Release|Any CPU.Build.0 = Release|Any CPU
	EndGlobalSection
	GlobalSection(SolutionProperties) = preSolution
		HideSolutionNode = FALSE
	EndGlobalSection
	GlobalSection(NestedProjects) = preSolution
		{44D5BD72-842E-48F9-BD8D-4D2055721956} = {36D591C7-65C7-A0D1-1CBC-10CDE441BDC8}
		{06BE8F33-F41D-445E-B325-1C20CD2FCF98} = {36D591C7-65C7-A0D1-1CBC-10CDE441BDC8}
		{D122000D-A685-4652-98C8-C9C4E435806D} = {36D591C7-65C7-A0D1-1CBC-10CDE441BDC8}
		{DA460EED-FF15-45B1-81EE-35DEF3DBABF5} = {36D591C7-65C7-A0D1-1CBC-10CDE441BDC8}
		{22F2A9BD-8B2E-4470-BBA5-A26FA1C3033F} = {F33AA52B-F59D-4E16-8838-165A23159A8A}
		{DD1CE952-EF48-E0CE-FA90-9CD0BFB635BA} = {E2CDCE3C-9F08-4EF1-989B-2A8866D15885}
		{4A1F96DA-7137-E1D9-E205-237CC6DF173C} = {E2CDCE3C-9F08-4EF1-989B-2A8866D15885}
		{46173B5C-5856-4FC9-F53A-831DF3F3F374} = {E2CDCE3C-9F08-4EF1-989B-2A8866D15885}
		{1905E0D5-D13B-50F7-D35B-B2F490C5C3D2} = {E2CDCE3C-9F08-4EF1-989B-2A8866D15885}
		{9E0E8150-9E3B-EA87-5C9F-68055BC6148B} = {E2CDCE3C-9F08-4EF1-989B-2A8866D15885}
		{40227E08-15DA-4D1D-9743-CD9ECDA35B14} = {4F10BACB-7BCD-4839-9A33-AB3AD88B45FF}
		{0236AF3E-AD78-4B3F-A894-40D796BD94FF} = {4F10BACB-7BCD-4839-9A33-AB3AD88B45FF}
		{987232CD-8809-4444-B9A7-FE7C3BE4A70B} = {4F10BACB-7BCD-4839-9A33-AB3AD88B45FF}
		{7667CAA8-522C-497C-8EE5-CB45E7FF4E89} = {512721CB-BE28-4083-8AFE-B29460AFEE5E}
		{D51D4004-17DE-4451-A41D-15FBBA319E72} = {512721CB-BE28-4083-8AFE-B29460AFEE5E}
		{8DFF7C49-9068-4F0C-B452-8D75E9384799} = {512721CB-BE28-4083-8AFE-B29460AFEE5E}
		{06D8CD8E-6239-47A2-9990-8BF130EC9D65} = {512721CB-BE28-4083-8AFE-B29460AFEE5E}
		{AAF4FA07-EF52-4FDF-903E-EAA32CDB7D03} = {EABFD18F-2AF0-4472-A20E-C81D15DFE575}
		{F7EAB1D3-96CF-4D5D-86F5-3011ACD76CEC} = {60D84241-4BBA-4EE1-A4AA-C606C4F51347}
		{0CA9F163-8924-4CB6-9EBE-86D23779AC32} = {60D84241-4BBA-4EE1-A4AA-C606C4F51347}
		{3C695BEF-B72C-4B09-AC1D-88D07D6C7034} = {60D84241-4BBA-4EE1-A4AA-C606C4F51347}
		{5AC9FD31-D918-4649-A7EE-0C545B633B3E} = {60D84241-4BBA-4EE1-A4AA-C606C4F51347}
	EndGlobalSection
	GlobalSection(ExtensibilityGlobals) = postSolution
		SolutionGuid = {290C0D19-5A46-4060-83F8-20810C11AE63}
	EndGlobalSection
EndGlobal
