
Microsoft Visual Studio Solution File, Format Version 12.00
# Visual Studio Version 17
VisualStudioVersion = 17.8.34330.188
MinimumVisualStudioVersion = 10.0.40219.1
Project("{9A19103F-16F7-4668-BE54-9A1E7A4F7556}") = "CitizenRequests.API", "CitizenRequests.API.csproj", "{D6C22067-A229-4C84-98B4-2FCB242E985E}"
EndProject
Project("{2150E333-8FDC-42A3-9474-1A3956D46DE8}") = "CitizenRequest", "CitizenRequest", "{BD81A9DA-7BCA-4F40-96FD-AEF58142AB60}"
EndProject
Project("{9A19103F-16F7-4668-BE54-9A1E7A4F7556}") = "CitizenRequest.Domain", "..\CitizenRequest.Domain\CitizenRequest.Domain.csproj", "{2EBCF174-0C03-4389-AA1C-9388A4E58300}"
EndProject
Project("{9A19103F-16F7-4668-BE54-9A1E7A4F7556}") = "CitizenRequest.DataAccess", "..\CitizenRequest.DataAccess\CitizenRequest.DataAccess.csproj", "{AF7A03E3-79A1-4D5F-A566-E94DDFBCFB11}"
EndProject
Project("{9A19103F-16F7-4668-BE54-9A1E7A4F7556}") = "CitizenRequest.Core", "..\CitizenRequest.Core\CitizenRequest.Core.csproj", "{420E13E4-63CE-4BB3-8ED8-E472AEBE10E3}"
EndProject
Project("{2150E333-8FDC-42A3-9474-1A3956D46DE8}") = "AuthService", "AuthService", "{01548D69-36E8-4511-B143-F4DC22502FA3}"
EndProject
Project("{9A19103F-16F7-4668-BE54-9A1E7A4F7556}") = "Authorization.Api", "..\AuthService\Authorization.Api.csproj", "{89C24542-AD24-4E47-BB80-2F34B18AB904}"
EndProject
Project("{9A19103F-16F7-4668-BE54-9A1E7A4F7556}") = "Auth.Domain", "..\Auth.Domain\Auth.Domain.csproj", "{26C73988-C7F0-4F17-8689-50667FFA2ACC}"
EndProject
Project("{9A19103F-16F7-4668-BE54-9A1E7A4F7556}") = "Auth.DataAccess", "..\Auth.DataAccess\Auth.DataAccess.csproj", "{2CD4B914-FFA9-4D78-9E6F-9A48BF86258F}"
EndProject
Project("{9A19103F-16F7-4668-BE54-9A1E7A4F7556}") = "Auth.Core", "..\Auth.Core\Auth.Core.csproj", "{BFE0B6E4-3971-4779-AC01-9DFFB8532E1D}"
EndProject
Project("{9A19103F-16F7-4668-BE54-9A1E7A4F7556}") = "Auth.Application", "..\Auth.Application\Auth.Application.csproj", "{7220A393-9107-41D5-A956-C96DBB24E34E}"
EndProject
Global
	GlobalSection(SolutionConfigurationPlatforms) = preSolution
		Debug|Any CPU = Debug|Any CPU
		Release|Any CPU = Release|Any CPU
	EndGlobalSection
	GlobalSection(ProjectConfigurationPlatforms) = postSolution
		{D6C22067-A229-4C84-98B4-2FCB242E985E}.Debug|Any CPU.ActiveCfg = Debug|Any CPU
		{D6C22067-A229-4C84-98B4-2FCB242E985E}.Debug|Any CPU.Build.0 = Debug|Any CPU
		{D6C22067-A229-4C84-98B4-2FCB242E985E}.Release|Any CPU.ActiveCfg = Release|Any CPU
		{D6C22067-A229-4C84-98B4-2FCB242E985E}.Release|Any CPU.Build.0 = Release|Any CPU
		{2EBCF174-0C03-4389-AA1C-9388A4E58300}.Debug|Any CPU.ActiveCfg = Debug|Any CPU
		{2EBCF174-0C03-4389-AA1C-9388A4E58300}.Debug|Any CPU.Build.0 = Debug|Any CPU
		{2EBCF174-0C03-4389-AA1C-9388A4E58300}.Release|Any CPU.ActiveCfg = Release|Any CPU
		{2EBCF174-0C03-4389-AA1C-9388A4E58300}.Release|Any CPU.Build.0 = Release|Any CPU
		{AF7A03E3-79A1-4D5F-A566-E94DDFBCFB11}.Debug|Any CPU.ActiveCfg = Debug|Any CPU
		{AF7A03E3-79A1-4D5F-A566-E94DDFBCFB11}.Debug|Any CPU.Build.0 = Debug|Any CPU
		{AF7A03E3-79A1-4D5F-A566-E94DDFBCFB11}.Release|Any CPU.ActiveCfg = Release|Any CPU
		{AF7A03E3-79A1-4D5F-A566-E94DDFBCFB11}.Release|Any CPU.Build.0 = Release|Any CPU
		{420E13E4-63CE-4BB3-8ED8-E472AEBE10E3}.Debug|Any CPU.ActiveCfg = Debug|Any CPU
		{420E13E4-63CE-4BB3-8ED8-E472AEBE10E3}.Debug|Any CPU.Build.0 = Debug|Any CPU
		{420E13E4-63CE-4BB3-8ED8-E472AEBE10E3}.Release|Any CPU.ActiveCfg = Release|Any CPU
		{420E13E4-63CE-4BB3-8ED8-E472AEBE10E3}.Release|Any CPU.Build.0 = Release|Any CPU
		{89C24542-AD24-4E47-BB80-2F34B18AB904}.Debug|Any CPU.ActiveCfg = Debug|Any CPU
		{89C24542-AD24-4E47-BB80-2F34B18AB904}.Debug|Any CPU.Build.0 = Debug|Any CPU
		{89C24542-AD24-4E47-BB80-2F34B18AB904}.Release|Any CPU.ActiveCfg = Release|Any CPU
		{89C24542-AD24-4E47-BB80-2F34B18AB904}.Release|Any CPU.Build.0 = Release|Any CPU
		{26C73988-C7F0-4F17-8689-50667FFA2ACC}.Debug|Any CPU.ActiveCfg = Debug|Any CPU
		{26C73988-C7F0-4F17-8689-50667FFA2ACC}.Debug|Any CPU.Build.0 = Debug|Any CPU
		{26C73988-C7F0-4F17-8689-50667FFA2ACC}.Release|Any CPU.ActiveCfg = Release|Any CPU
		{26C73988-C7F0-4F17-8689-50667FFA2ACC}.Release|Any CPU.Build.0 = Release|Any CPU
		{2CD4B914-FFA9-4D78-9E6F-9A48BF86258F}.Debug|Any CPU.ActiveCfg = Debug|Any CPU
		{2CD4B914-FFA9-4D78-9E6F-9A48BF86258F}.Debug|Any CPU.Build.0 = Debug|Any CPU
		{2CD4B914-FFA9-4D78-9E6F-9A48BF86258F}.Release|Any CPU.ActiveCfg = Release|Any CPU
		{2CD4B914-FFA9-4D78-9E6F-9A48BF86258F}.Release|Any CPU.Build.0 = Release|Any CPU
		{BFE0B6E4-3971-4779-AC01-9DFFB8532E1D}.Debug|Any CPU.ActiveCfg = Debug|Any CPU
		{BFE0B6E4-3971-4779-AC01-9DFFB8532E1D}.Debug|Any CPU.Build.0 = Debug|Any CPU
		{BFE0B6E4-3971-4779-AC01-9DFFB8532E1D}.Release|Any CPU.ActiveCfg = Release|Any CPU
		{BFE0B6E4-3971-4779-AC01-9DFFB8532E1D}.Release|Any CPU.Build.0 = Release|Any CPU
		{7220A393-9107-41D5-A956-C96DBB24E34E}.Debug|Any CPU.ActiveCfg = Debug|Any CPU
		{7220A393-9107-41D5-A956-C96DBB24E34E}.Debug|Any CPU.Build.0 = Debug|Any CPU
		{7220A393-9107-41D5-A956-C96DBB24E34E}.Release|Any CPU.ActiveCfg = Release|Any CPU
		{7220A393-9107-41D5-A956-C96DBB24E34E}.Release|Any CPU.Build.0 = Release|Any CPU
	EndGlobalSection
	GlobalSection(SolutionProperties) = preSolution
		HideSolutionNode = FALSE
	EndGlobalSection
	GlobalSection(NestedProjects) = preSolution
		{D6C22067-A229-4C84-98B4-2FCB242E985E} = {BD81A9DA-7BCA-4F40-96FD-AEF58142AB60}
		{2EBCF174-0C03-4389-AA1C-9388A4E58300} = {BD81A9DA-7BCA-4F40-96FD-AEF58142AB60}
		{AF7A03E3-79A1-4D5F-A566-E94DDFBCFB11} = {BD81A9DA-7BCA-4F40-96FD-AEF58142AB60}
		{420E13E4-63CE-4BB3-8ED8-E472AEBE10E3} = {BD81A9DA-7BCA-4F40-96FD-AEF58142AB60}
		{89C24542-AD24-4E47-BB80-2F34B18AB904} = {01548D69-36E8-4511-B143-F4DC22502FA3}
		{26C73988-C7F0-4F17-8689-50667FFA2ACC} = {01548D69-36E8-4511-B143-F4DC22502FA3}
		{2CD4B914-FFA9-4D78-9E6F-9A48BF86258F} = {01548D69-36E8-4511-B143-F4DC22502FA3}
		{BFE0B6E4-3971-4779-AC01-9DFFB8532E1D} = {01548D69-36E8-4511-B143-F4DC22502FA3}
		{7220A393-9107-41D5-A956-C96DBB24E34E} = {01548D69-36E8-4511-B143-F4DC22502FA3}
	EndGlobalSection
	GlobalSection(ExtensibilityGlobals) = postSolution
		SolutionGuid = {EF75C4BE-0271-4AEC-85FB-59C0CFBB9E80}
	EndGlobalSection
EndGlobal
