
Microsoft Visual Studio Solution File, Format Version 12.00
# Visual Studio Version 17
VisualStudioVersion = 17.8.34330.188
MinimumVisualStudioVersion = 10.0.40219.1
Project("{9A19103F-16F7-4668-BE54-9A1E7A4F7556}") = "CitizenRequests.API", "CitizenRequests.API.csproj", "{D6C22067-A229-4C84-98B4-2FCB242E985E}"
EndProject
Project("{2150E333-8FDC-42A3-9474-1A3956D46DE8}") = "CitizenRequest", "CitizenRequest", "{BD81A9DA-7BCA-4F40-96FD-AEF58142AB60}"
EndProject
Project("{9A19103F-16F7-4668-BE54-9A1E7A4F7556}") = "CitizenRequest.Domain", "..\CitizenRequest.Domain\CitizenRequest.Domain.csproj", "{2EBCF174-0C03-4389-AA1C-9388A4E58300}"
EndProject
Project("{9A19103F-16F7-4668-BE54-9A1E7A4F7556}") = "CitizenRequest.DataAccess", "..\CitizenRequest.DataAccess\CitizenRequest.DataAccess.csproj", "{AF7A03E3-79A1-4D5F-A566-E94DDFBCFB11}"
EndProject
Project("{FAE04EC0-301F-11D3-BF4B-00C04F79EFBC}") = "CitizenRequest.Core", "..\CitizenRequest.Core\CitizenRequest.Core.csproj", "{420E13E4-63CE-4BB3-8ED8-E472AEBE10E3}"
EndProject
Global
	GlobalSection(SolutionConfigurationPlatforms) = preSolution
		Debug|Any CPU = Debug|Any CPU
		Release|Any CPU = Release|Any CPU
	EndGlobalSection
	GlobalSection(ProjectConfigurationPlatforms) = postSolution
		{D6C22067-A229-4C84-98B4-2FCB242E985E}.Debug|Any CPU.ActiveCfg = Debug|Any CPU
		{D6C22067-A229-4C84-98B4-2FCB242E985E}.Debug|Any CPU.Build.0 = Debug|Any CPU
		{D6C22067-A229-4C84-98B4-2FCB242E985E}.Release|Any CPU.ActiveCfg = Release|Any CPU
		{D6C22067-A229-4C84-98B4-2FCB242E985E}.Release|Any CPU.Build.0 = Release|Any CPU
		{2EBCF174-0C03-4389-AA1C-9388A4E58300}.Debug|Any CPU.ActiveCfg = Debug|Any CPU
		{2EBCF174-0C03-4389-AA1C-9388A4E58300}.Debug|Any CPU.Build.0 = Debug|Any CPU
		{2EBCF174-0C03-4389-AA1C-9388A4E58300}.Release|Any CPU.ActiveCfg = Release|Any CPU
		{2EBCF174-0C03-4389-AA1C-9388A4E58300}.Release|Any CPU.Build.0 = Release|Any CPU
		{AF7A03E3-79A1-4D5F-A566-E94DDFBCFB11}.Debug|Any CPU.ActiveCfg = Debug|Any CPU
		{AF7A03E3-79A1-4D5F-A566-E94DDFBCFB11}.Debug|Any CPU.Build.0 = Debug|Any CPU
		{AF7A03E3-79A1-4D5F-A566-E94DDFBCFB11}.Release|Any CPU.ActiveCfg = Release|Any CPU
		{AF7A03E3-79A1-4D5F-A566-E94DDFBCFB11}.Release|Any CPU.Build.0 = Release|Any CPU
		{420E13E4-63CE-4BB3-8ED8-E472AEBE10E3}.Debug|Any CPU.ActiveCfg = Debug|Any CPU
		{420E13E4-63CE-4BB3-8ED8-E472AEBE10E3}.Debug|Any CPU.Build.0 = Debug|Any CPU
		{420E13E4-63CE-4BB3-8ED8-E472AEBE10E3}.Release|Any CPU.ActiveCfg = Release|Any CPU
		{420E13E4-63CE-4BB3-8ED8-E472AEBE10E3}.Release|Any CPU.Build.0 = Release|Any CPU
	EndGlobalSection
	GlobalSection(SolutionProperties) = preSolution
		HideSolutionNode = FALSE
	EndGlobalSection
	GlobalSection(NestedProjects) = preSolution
		{D6C22067-A229-4C84-98B4-2FCB242E985E} = {BD81A9DA-7BCA-4F40-96FD-AEF58142AB60}
		{2EBCF174-0C03-4389-AA1C-9388A4E58300} = {BD81A9DA-7BCA-4F40-96FD-AEF58142AB60}
		{AF7A03E3-79A1-4D5F-A566-E94DDFBCFB11} = {BD81A9DA-7BCA-4F40-96FD-AEF58142AB60}
		{420E13E4-63CE-4BB3-8ED8-E472AEBE10E3} = {BD81A9DA-7BCA-4F40-96FD-AEF58142AB60}
	EndGlobalSection
	GlobalSection(ExtensibilityGlobals) = postSolution
		SolutionGuid = {EF75C4BE-0271-4AEC-85FB-59C0CFBB9E80}
	EndGlobalSection
EndGlobal
